// !$*UTF8*$!
{
	archiveVersion = 1;
	classes = {
	};
	objectVersion = 51;
	objects = {

/* Begin PBXBuildFile section */
		402E2DE124DF185F96D559FF /* Pods_JeuSetMatch.framework in Frameworks */ = {isa = PBXBuildFile; fileRef = BDE8E9E9348301437FB4D8ED /* Pods_JeuSetMatch.framework */; };
		5601CF1323FD44580044BE55 /* UIViewController+FilterArray.swift in Sources */ = {isa = PBXBuildFile; fileRef = 5601CF1223FD44580044BE55 /* UIViewController+FilterArray.swift */; };
		562CE38A23BB50590075A8AA /* MailViewController.swift in Sources */ = {isa = PBXBuildFile; fileRef = 562CE38923BB50590075A8AA /* MailViewController.swift */; };
		562CE38E23BB50CB0075A8AA /* GenderViewController.swift in Sources */ = {isa = PBXBuildFile; fileRef = 562CE38D23BB50CB0075A8AA /* GenderViewController.swift */; };
		562CE39023BB55BB0075A8AA /* CityViewController.swift in Sources */ = {isa = PBXBuildFile; fileRef = 562CE38F23BB55BB0075A8AA /* CityViewController.swift */; };
		562CE39223BB5A550075A8AA /* PictureViewController.swift in Sources */ = {isa = PBXBuildFile; fileRef = 562CE39123BB5A550075A8AA /* PictureViewController.swift */; };
		562E2D0C23DC55BB005612D1 /* CustomLoader.swift in Sources */ = {isa = PBXBuildFile; fileRef = 562E2D0B23DC55BB005612D1 /* CustomLoader.swift */; };
		562E8E1423F6945F005F0B32 /* giphy.gif in Resources */ = {isa = PBXBuildFile; fileRef = 562E8E1323F6945E005F0B32 /* giphy.gif */; };
		562E8E1623F694CD005F0B32 /* circle.gif in Resources */ = {isa = PBXBuildFile; fileRef = 562E8E1523F694CC005F0B32 /* circle.gif */; };
		56394AAD23E34D60006CB0D3 /* UIViewController+Alert.swift in Sources */ = {isa = PBXBuildFile; fileRef = 56394AAC23E34D60006CB0D3 /* UIViewController+Alert.swift */; };
		56394AAF23E35262006CB0D3 /* UIViewController+Date.swift in Sources */ = {isa = PBXBuildFile; fileRef = 56394AAE23E35262006CB0D3 /* UIViewController+Date.swift */; };
		56394AB123E4146F006CB0D3 /* UIImage.swift in Sources */ = {isa = PBXBuildFile; fileRef = 56394AB023E4146F006CB0D3 /* UIImage.swift */; };
		56394AB323E414D2006CB0D3 /* UIImageView+Gif.swift in Sources */ = {isa = PBXBuildFile; fileRef = 56394AB223E414D2006CB0D3 /* UIImageView+Gif.swift */; };
		5645369E23BF5285005A26B5 /* ProfileViewController.swift in Sources */ = {isa = PBXBuildFile; fileRef = 5645369D23BF5285005A26B5 /* ProfileViewController.swift */; };
		564536A023C20CE4005A26B5 /* MessagesViewController.swift in Sources */ = {isa = PBXBuildFile; fileRef = 5645369F23C20CE4005A26B5 /* MessagesViewController.swift */; };
		564536A423C20FD2005A26B5 /* MessagesTableViewCell.swift in Sources */ = {isa = PBXBuildFile; fileRef = 564536A223C20FD2005A26B5 /* MessagesTableViewCell.swift */; };
		564536A523C20FD2005A26B5 /* MessagesTableViewCell.xib in Resources */ = {isa = PBXBuildFile; fileRef = 564536A323C20FD2005A26B5 /* MessagesTableViewCell.xib */; };
		567CBE3023D8344200A7E306 /* LogUseCase.swift in Sources */ = {isa = PBXBuildFile; fileRef = 567CBE2F23D8344200A7E306 /* LogUseCase.swift */; };
		567CBE3223D8345400A7E306 /* FirestoreLogService.swift in Sources */ = {isa = PBXBuildFile; fileRef = 567CBE3123D8345400A7E306 /* FirestoreLogService.swift */; };
		567CBE3623D83A8A00A7E306 /* RegisterUserCase.swift in Sources */ = {isa = PBXBuildFile; fileRef = 567CBE3523D83A8A00A7E306 /* RegisterUserCase.swift */; };
		567CBE3823D83AA100A7E306 /* FirestoreRegisterService.swift in Sources */ = {isa = PBXBuildFile; fileRef = 567CBE3723D83AA100A7E306 /* FirestoreRegisterService.swift */; };
		567CBE3A23D83AB300A7E306 /* ConversationUseCase.swift in Sources */ = {isa = PBXBuildFile; fileRef = 567CBE3923D83AB300A7E306 /* ConversationUseCase.swift */; };
		567CBE3C23D83ACD00A7E306 /* FirestoreConversationService.swift in Sources */ = {isa = PBXBuildFile; fileRef = 567CBE3B23D83ACD00A7E306 /* FirestoreConversationService.swift */; };
		567CBE4523D8449E00A7E306 /* RegisterUseCaseTest.swift in Sources */ = {isa = PBXBuildFile; fileRef = 567CBE4423D8449E00A7E306 /* RegisterUseCaseTest.swift */; };
		568D50AD23D3320B00839CE4 /* GooglePlacesService.swift in Sources */ = {isa = PBXBuildFile; fileRef = 568D50AC23D3320B00839CE4 /* GooglePlacesService.swift */; };
		568D50AF23D352B200839CE4 /* LogUseCaseTest.swift in Sources */ = {isa = PBXBuildFile; fileRef = 568D50AE23D352B200839CE4 /* LogUseCaseTest.swift */; };
		568FAB5F23DF6467007A7B45 /* UIViewController+ImagePicker.swift in Sources */ = {isa = PBXBuildFile; fileRef = 568FAB5E23DF6467007A7B45 /* UIViewController+ImagePicker.swift */; };
		5699AE6A23BBAA1200C61058 /* CitiesViewController.swift in Sources */ = {isa = PBXBuildFile; fileRef = 5699AE6923BBAA1200C61058 /* CitiesViewController.swift */; };
		56A941C423E2C32A004A368A /* Protocols.swift in Sources */ = {isa = PBXBuildFile; fileRef = 56A941C323E2C32A004A368A /* Protocols.swift */; };
		56AFDE2A23C4DF6F00B215DC /* UserObject.swift in Sources */ = {isa = PBXBuildFile; fileRef = 56AFDE2923C4DF6E00B215DC /* UserObject.swift */; };
		56B615AA23D87D4B001DEA87 /* ConversationUseCaseTest.swift in Sources */ = {isa = PBXBuildFile; fileRef = 56B615A923D87D4A001DEA87 /* ConversationUseCaseTest.swift */; };
		56B615AD23D88F71001DEA87 /* UserUseCase.swift in Sources */ = {isa = PBXBuildFile; fileRef = 56B615AC23D88F71001DEA87 /* UserUseCase.swift */; };
		56B615AF23D88F8B001DEA87 /* FirestoreUserService.swift in Sources */ = {isa = PBXBuildFile; fileRef = 56B615AE23D88F8B001DEA87 /* FirestoreUserService.swift */; };
		56B615B123D8923A001DEA87 /* UserUseCaseTest.swift in Sources */ = {isa = PBXBuildFile; fileRef = 56B615B023D8923A001DEA87 /* UserUseCaseTest.swift */; };
		56BB33B423CF83DD00B7D726 /* Filters.swift in Sources */ = {isa = PBXBuildFile; fileRef = 56BB33B323CF83DD00B7D726 /* Filters.swift */; };
		56BCCAF623F41AD000C8450E /* UIViewController+NavBar.swift in Sources */ = {isa = PBXBuildFile; fileRef = 56BCCAF523F41AD000C8450E /* UIViewController+NavBar.swift */; };
		56C49BE223CF40740071F7A3 /* FilterTableViewCell.swift in Sources */ = {isa = PBXBuildFile; fileRef = 56C49BE023CF40740071F7A3 /* FilterTableViewCell.swift */; };
		56C49BE323CF40740071F7A3 /* FilterTableViewCell.xib in Resources */ = {isa = PBXBuildFile; fileRef = 56C49BE123CF40740071F7A3 /* FilterTableViewCell.xib */; };
		56C49BE523CF415B0071F7A3 /* FilterViewController.swift in Sources */ = {isa = PBXBuildFile; fileRef = 56C49BE423CF415B0071F7A3 /* FilterViewController.swift */; };
		56D8D73D23EECB83006D4A59 /* FirestoreErrorEnum.swift in Sources */ = {isa = PBXBuildFile; fileRef = 56D8D73C23EECB83006D4A59 /* FirestoreErrorEnum.swift */; };
		56D8D74023F13D8D006D4A59 /* UIImageView+Rounded.swift in Sources */ = {isa = PBXBuildFile; fileRef = 56D8D73F23F13D8D006D4A59 /* UIImageView+Rounded.swift */; };
		56DC0BE623A90968003A0DC6 /* AppDelegate.swift in Sources */ = {isa = PBXBuildFile; fileRef = 56DC0BE523A90968003A0DC6 /* AppDelegate.swift */; };
		56DC0BEB23A90969003A0DC6 /* Main.storyboard in Resources */ = {isa = PBXBuildFile; fileRef = 56DC0BE923A90969003A0DC6 /* Main.storyboard */; };
		56DC0BF023A9096D003A0DC6 /* Assets.xcassets in Resources */ = {isa = PBXBuildFile; fileRef = 56DC0BEF23A9096D003A0DC6 /* Assets.xcassets */; };
		56DC0BF323A9096D003A0DC6 /* LaunchScreen.storyboard in Resources */ = {isa = PBXBuildFile; fileRef = 56DC0BF123A9096D003A0DC6 /* LaunchScreen.storyboard */; };
		56DC0C0E23A909CB003A0DC6 /* WelcomeViewController.swift in Sources */ = {isa = PBXBuildFile; fileRef = 56DC0C0D23A909CB003A0DC6 /* WelcomeViewController.swift */; };
		56DC0C1323AB7E31003A0DC6 /* GoogleService-Info.plist in Resources */ = {isa = PBXBuildFile; fileRef = 56DC0C1223AB7E31003A0DC6 /* GoogleService-Info.plist */; };
		56DC0C1723ABC4AE003A0DC6 /* LoginViewController.swift in Sources */ = {isa = PBXBuildFile; fileRef = 56DC0C1623ABC4AE003A0DC6 /* LoginViewController.swift */; };
		56E8B16D23AE5B0C007B4BC1 /* ChatViewController.swift in Sources */ = {isa = PBXBuildFile; fileRef = 56E8B16C23AE5B0C007B4BC1 /* ChatViewController.swift */; };
		56E8B16F23B0E824007B4BC1 /* Constants.swift in Sources */ = {isa = PBXBuildFile; fileRef = 56E8B16E23B0E824007B4BC1 /* Constants.swift */; };
		56E8B17123B4027A007B4BC1 /* MessageObject.swift in Sources */ = {isa = PBXBuildFile; fileRef = 56E8B17023B4027A007B4BC1 /* MessageObject.swift */; };
		56E8B17423B52E6B007B4BC1 /* ChatTableViewCell.swift in Sources */ = {isa = PBXBuildFile; fileRef = 56E8B17223B52E6B007B4BC1 /* ChatTableViewCell.swift */; };
		56E8B17523B52E6B007B4BC1 /* ChatTableViewCell.xib in Resources */ = {isa = PBXBuildFile; fileRef = 56E8B17323B52E6B007B4BC1 /* ChatTableViewCell.xib */; };
		56E8B17723BA4B38007B4BC1 /* SearchViewController.swift in Sources */ = {isa = PBXBuildFile; fileRef = 56E8B17623BA4B37007B4BC1 /* SearchViewController.swift */; };
		56E8B17A23BA4B61007B4BC1 /* UserTableViewCell.swift in Sources */ = {isa = PBXBuildFile; fileRef = 56E8B17823BA4B61007B4BC1 /* UserTableViewCell.swift */; };
		56E8B17B23BA4B61007B4BC1 /* UserTableViewCell.xib in Resources */ = {isa = PBXBuildFile; fileRef = 56E8B17923BA4B61007B4BC1 /* UserTableViewCell.xib */; };
		56F59E5E23E8ABF500881D9F /* BirthdayViewController.swift in Sources */ = {isa = PBXBuildFile; fileRef = 56F59E5D23E8ABF500881D9F /* BirthdayViewController.swift */; };
		56F59E6023E8AC4D00881D9F /* LevelViewController.swift in Sources */ = {isa = PBXBuildFile; fileRef = 56F59E5F23E8AC4D00881D9F /* LevelViewController.swift */; };
		56F59E6223E8C12800881D9F /* PseudoViewController.swift in Sources */ = {isa = PBXBuildFile; fileRef = 56F59E6123E8C12800881D9F /* PseudoViewController.swift */; };
		56F59E6823EB469300881D9F /* UIViewController+Filters.swift in Sources */ = {isa = PBXBuildFile; fileRef = 56F59E6723EB469000881D9F /* UIViewController+Filters.swift */; };
		8C8513BA45DB2C7F66840E02 /* Pods_JeuSetMatchTests.framework in Frameworks */ = {isa = PBXBuildFile; fileRef = E0205500E07E7A09B5C17306 /* Pods_JeuSetMatchTests.framework */; };
/* End PBXBuildFile section */

/* Begin PBXContainerItemProxy section */
		56DC0BFA23A9096D003A0DC6 /* PBXContainerItemProxy */ = {
			isa = PBXContainerItemProxy;
			containerPortal = 56DC0BDA23A90968003A0DC6 /* Project object */;
			proxyType = 1;
			remoteGlobalIDString = 56DC0BE123A90968003A0DC6;
			remoteInfo = JeuSetMatch;
		};
/* End PBXContainerItemProxy section */

/* Begin PBXFileReference section */
		2012A617EF9FFCD417D93716 /* Pods-JeuSetMatch.debug.xcconfig */ = {isa = PBXFileReference; includeInIndex = 1; lastKnownFileType = text.xcconfig; name = "Pods-JeuSetMatch.debug.xcconfig"; path = "Target Support Files/Pods-JeuSetMatch/Pods-JeuSetMatch.debug.xcconfig"; sourceTree = "<group>"; };
		5601CF1223FD44580044BE55 /* UIViewController+FilterArray.swift */ = {isa = PBXFileReference; lastKnownFileType = sourcecode.swift; path = "UIViewController+FilterArray.swift"; sourceTree = "<group>"; };
		562CE38923BB50590075A8AA /* MailViewController.swift */ = {isa = PBXFileReference; lastKnownFileType = sourcecode.swift; path = MailViewController.swift; sourceTree = "<group>"; };
		562CE38D23BB50CB0075A8AA /* GenderViewController.swift */ = {isa = PBXFileReference; lastKnownFileType = sourcecode.swift; path = GenderViewController.swift; sourceTree = "<group>"; };
		562CE38F23BB55BB0075A8AA /* CityViewController.swift */ = {isa = PBXFileReference; lastKnownFileType = sourcecode.swift; path = CityViewController.swift; sourceTree = "<group>"; };
		562CE39123BB5A550075A8AA /* PictureViewController.swift */ = {isa = PBXFileReference; lastKnownFileType = sourcecode.swift; path = PictureViewController.swift; sourceTree = "<group>"; };
		562E2D0B23DC55BB005612D1 /* CustomLoader.swift */ = {isa = PBXFileReference; lastKnownFileType = sourcecode.swift; path = CustomLoader.swift; sourceTree = "<group>"; };
		562E8E1323F6945E005F0B32 /* giphy.gif */ = {isa = PBXFileReference; lastKnownFileType = image.gif; path = giphy.gif; sourceTree = "<group>"; };
		562E8E1523F694CC005F0B32 /* circle.gif */ = {isa = PBXFileReference; lastKnownFileType = image.gif; path = circle.gif; sourceTree = "<group>"; };
		56394AAC23E34D60006CB0D3 /* UIViewController+Alert.swift */ = {isa = PBXFileReference; lastKnownFileType = sourcecode.swift; path = "UIViewController+Alert.swift"; sourceTree = "<group>"; };
		56394AAE23E35262006CB0D3 /* UIViewController+Date.swift */ = {isa = PBXFileReference; lastKnownFileType = sourcecode.swift; path = "UIViewController+Date.swift"; sourceTree = "<group>"; };
		56394AB023E4146F006CB0D3 /* UIImage.swift */ = {isa = PBXFileReference; lastKnownFileType = sourcecode.swift; path = UIImage.swift; sourceTree = "<group>"; };
		56394AB223E414D2006CB0D3 /* UIImageView+Gif.swift */ = {isa = PBXFileReference; lastKnownFileType = sourcecode.swift; path = "UIImageView+Gif.swift"; sourceTree = "<group>"; };
		5645369D23BF5285005A26B5 /* ProfileViewController.swift */ = {isa = PBXFileReference; lastKnownFileType = sourcecode.swift; path = ProfileViewController.swift; sourceTree = "<group>"; };
		5645369F23C20CE4005A26B5 /* MessagesViewController.swift */ = {isa = PBXFileReference; lastKnownFileType = sourcecode.swift; path = MessagesViewController.swift; sourceTree = "<group>"; };
		564536A223C20FD2005A26B5 /* MessagesTableViewCell.swift */ = {isa = PBXFileReference; lastKnownFileType = sourcecode.swift; path = MessagesTableViewCell.swift; sourceTree = "<group>"; };
		564536A323C20FD2005A26B5 /* MessagesTableViewCell.xib */ = {isa = PBXFileReference; lastKnownFileType = file.xib; path = MessagesTableViewCell.xib; sourceTree = "<group>"; };
		567CBE2F23D8344200A7E306 /* LogUseCase.swift */ = {isa = PBXFileReference; lastKnownFileType = sourcecode.swift; path = LogUseCase.swift; sourceTree = "<group>"; };
		567CBE3123D8345400A7E306 /* FirestoreLogService.swift */ = {isa = PBXFileReference; lastKnownFileType = sourcecode.swift; path = FirestoreLogService.swift; sourceTree = "<group>"; };
		567CBE3523D83A8A00A7E306 /* RegisterUserCase.swift */ = {isa = PBXFileReference; lastKnownFileType = sourcecode.swift; path = RegisterUserCase.swift; sourceTree = "<group>"; };
		567CBE3723D83AA100A7E306 /* FirestoreRegisterService.swift */ = {isa = PBXFileReference; lastKnownFileType = sourcecode.swift; path = FirestoreRegisterService.swift; sourceTree = "<group>"; };
		567CBE3923D83AB300A7E306 /* ConversationUseCase.swift */ = {isa = PBXFileReference; lastKnownFileType = sourcecode.swift; path = ConversationUseCase.swift; sourceTree = "<group>"; };
		567CBE3B23D83ACD00A7E306 /* FirestoreConversationService.swift */ = {isa = PBXFileReference; lastKnownFileType = sourcecode.swift; path = FirestoreConversationService.swift; sourceTree = "<group>"; };
		567CBE4423D8449E00A7E306 /* RegisterUseCaseTest.swift */ = {isa = PBXFileReference; lastKnownFileType = sourcecode.swift; path = RegisterUseCaseTest.swift; sourceTree = "<group>"; };
		568D50AC23D3320B00839CE4 /* GooglePlacesService.swift */ = {isa = PBXFileReference; lastKnownFileType = sourcecode.swift; path = GooglePlacesService.swift; sourceTree = "<group>"; };
		568D50AE23D352B200839CE4 /* LogUseCaseTest.swift */ = {isa = PBXFileReference; lastKnownFileType = sourcecode.swift; path = LogUseCaseTest.swift; sourceTree = "<group>"; };
		568FAB5E23DF6467007A7B45 /* UIViewController+ImagePicker.swift */ = {isa = PBXFileReference; lastKnownFileType = sourcecode.swift; path = "UIViewController+ImagePicker.swift"; sourceTree = "<group>"; };
		5699AE6923BBAA1200C61058 /* CitiesViewController.swift */ = {isa = PBXFileReference; lastKnownFileType = sourcecode.swift; path = CitiesViewController.swift; sourceTree = "<group>"; };
		56A941C323E2C32A004A368A /* Protocols.swift */ = {isa = PBXFileReference; lastKnownFileType = sourcecode.swift; path = Protocols.swift; sourceTree = "<group>"; };
		56AFDE2923C4DF6E00B215DC /* UserObject.swift */ = {isa = PBXFileReference; lastKnownFileType = sourcecode.swift; path = UserObject.swift; sourceTree = "<group>"; };
		56B615A923D87D4A001DEA87 /* ConversationUseCaseTest.swift */ = {isa = PBXFileReference; lastKnownFileType = sourcecode.swift; path = ConversationUseCaseTest.swift; sourceTree = "<group>"; };
		56B615AC23D88F71001DEA87 /* UserUseCase.swift */ = {isa = PBXFileReference; lastKnownFileType = sourcecode.swift; path = UserUseCase.swift; sourceTree = "<group>"; };
		56B615AE23D88F8B001DEA87 /* FirestoreUserService.swift */ = {isa = PBXFileReference; lastKnownFileType = sourcecode.swift; path = FirestoreUserService.swift; sourceTree = "<group>"; };
		56B615B023D8923A001DEA87 /* UserUseCaseTest.swift */ = {isa = PBXFileReference; lastKnownFileType = sourcecode.swift; path = UserUseCaseTest.swift; sourceTree = "<group>"; };
		56BB33B323CF83DD00B7D726 /* Filters.swift */ = {isa = PBXFileReference; lastKnownFileType = sourcecode.swift; path = Filters.swift; sourceTree = "<group>"; };
		56BCCAF523F41AD000C8450E /* UIViewController+NavBar.swift */ = {isa = PBXFileReference; lastKnownFileType = sourcecode.swift; path = "UIViewController+NavBar.swift"; sourceTree = "<group>"; };
		56C49BE023CF40740071F7A3 /* FilterTableViewCell.swift */ = {isa = PBXFileReference; lastKnownFileType = sourcecode.swift; path = FilterTableViewCell.swift; sourceTree = "<group>"; };
		56C49BE123CF40740071F7A3 /* FilterTableViewCell.xib */ = {isa = PBXFileReference; lastKnownFileType = file.xib; path = FilterTableViewCell.xib; sourceTree = "<group>"; };
		56C49BE423CF415B0071F7A3 /* FilterViewController.swift */ = {isa = PBXFileReference; lastKnownFileType = sourcecode.swift; path = FilterViewController.swift; sourceTree = "<group>"; };
		56D8D73C23EECB83006D4A59 /* FirestoreErrorEnum.swift */ = {isa = PBXFileReference; lastKnownFileType = sourcecode.swift; path = FirestoreErrorEnum.swift; sourceTree = "<group>"; };
		56D8D73F23F13D8D006D4A59 /* UIImageView+Rounded.swift */ = {isa = PBXFileReference; lastKnownFileType = sourcecode.swift; path = "UIImageView+Rounded.swift"; sourceTree = "<group>"; };
		56DC0BE223A90968003A0DC6 /* JeuSetMatch.app */ = {isa = PBXFileReference; explicitFileType = wrapper.application; includeInIndex = 0; path = JeuSetMatch.app; sourceTree = BUILT_PRODUCTS_DIR; };
		56DC0BE523A90968003A0DC6 /* AppDelegate.swift */ = {isa = PBXFileReference; lastKnownFileType = sourcecode.swift; path = AppDelegate.swift; sourceTree = "<group>"; };
		56DC0BEA23A90969003A0DC6 /* Base */ = {isa = PBXFileReference; lastKnownFileType = file.storyboard; name = Base; path = Base.lproj/Main.storyboard; sourceTree = "<group>"; };
		56DC0BEF23A9096D003A0DC6 /* Assets.xcassets */ = {isa = PBXFileReference; lastKnownFileType = folder.assetcatalog; path = Assets.xcassets; sourceTree = "<group>"; };
		56DC0BF223A9096D003A0DC6 /* Base */ = {isa = PBXFileReference; lastKnownFileType = file.storyboard; name = Base; path = Base.lproj/LaunchScreen.storyboard; sourceTree = "<group>"; };
		56DC0BF423A9096D003A0DC6 /* Info.plist */ = {isa = PBXFileReference; lastKnownFileType = text.plist.xml; path = Info.plist; sourceTree = "<group>"; };
		56DC0BF923A9096D003A0DC6 /* JeuSetMatchTests.xctest */ = {isa = PBXFileReference; explicitFileType = wrapper.cfbundle; includeInIndex = 0; path = JeuSetMatchTests.xctest; sourceTree = BUILT_PRODUCTS_DIR; };
		56DC0BFF23A9096D003A0DC6 /* Info.plist */ = {isa = PBXFileReference; lastKnownFileType = text.plist.xml; path = Info.plist; sourceTree = "<group>"; };
		56DC0C0D23A909CB003A0DC6 /* WelcomeViewController.swift */ = {isa = PBXFileReference; lastKnownFileType = sourcecode.swift; path = WelcomeViewController.swift; sourceTree = "<group>"; };
		56DC0C1223AB7E31003A0DC6 /* GoogleService-Info.plist */ = {isa = PBXFileReference; fileEncoding = 4; lastKnownFileType = text.plist.xml; path = "GoogleService-Info.plist"; sourceTree = "<group>"; };
		56DC0C1623ABC4AE003A0DC6 /* LoginViewController.swift */ = {isa = PBXFileReference; lastKnownFileType = sourcecode.swift; path = LoginViewController.swift; sourceTree = "<group>"; };
		56E8B16C23AE5B0C007B4BC1 /* ChatViewController.swift */ = {isa = PBXFileReference; lastKnownFileType = sourcecode.swift; path = ChatViewController.swift; sourceTree = "<group>"; };
		56E8B16E23B0E824007B4BC1 /* Constants.swift */ = {isa = PBXFileReference; lastKnownFileType = sourcecode.swift; path = Constants.swift; sourceTree = "<group>"; };
		56E8B17023B4027A007B4BC1 /* MessageObject.swift */ = {isa = PBXFileReference; lastKnownFileType = sourcecode.swift; path = MessageObject.swift; sourceTree = "<group>"; };
		56E8B17223B52E6B007B4BC1 /* ChatTableViewCell.swift */ = {isa = PBXFileReference; lastKnownFileType = sourcecode.swift; path = ChatTableViewCell.swift; sourceTree = "<group>"; };
		56E8B17323B52E6B007B4BC1 /* ChatTableViewCell.xib */ = {isa = PBXFileReference; lastKnownFileType = file.xib; path = ChatTableViewCell.xib; sourceTree = "<group>"; };
		56E8B17623BA4B37007B4BC1 /* SearchViewController.swift */ = {isa = PBXFileReference; lastKnownFileType = sourcecode.swift; path = SearchViewController.swift; sourceTree = "<group>"; };
		56E8B17823BA4B61007B4BC1 /* UserTableViewCell.swift */ = {isa = PBXFileReference; lastKnownFileType = sourcecode.swift; path = UserTableViewCell.swift; sourceTree = "<group>"; };
		56E8B17923BA4B61007B4BC1 /* UserTableViewCell.xib */ = {isa = PBXFileReference; lastKnownFileType = file.xib; path = UserTableViewCell.xib; sourceTree = "<group>"; };
		56F59E5D23E8ABF500881D9F /* BirthdayViewController.swift */ = {isa = PBXFileReference; lastKnownFileType = sourcecode.swift; path = BirthdayViewController.swift; sourceTree = "<group>"; };
		56F59E5F23E8AC4D00881D9F /* LevelViewController.swift */ = {isa = PBXFileReference; lastKnownFileType = sourcecode.swift; path = LevelViewController.swift; sourceTree = "<group>"; };
		56F59E6123E8C12800881D9F /* PseudoViewController.swift */ = {isa = PBXFileReference; lastKnownFileType = sourcecode.swift; path = PseudoViewController.swift; sourceTree = "<group>"; };
		56F59E6723EB469000881D9F /* UIViewController+Filters.swift */ = {isa = PBXFileReference; lastKnownFileType = sourcecode.swift; path = "UIViewController+Filters.swift"; sourceTree = "<group>"; };
		5830DDE78E0E8528545E31DB /* Pods-JeuSetMatch.release.xcconfig */ = {isa = PBXFileReference; includeInIndex = 1; lastKnownFileType = text.xcconfig; name = "Pods-JeuSetMatch.release.xcconfig"; path = "Target Support Files/Pods-JeuSetMatch/Pods-JeuSetMatch.release.xcconfig"; sourceTree = "<group>"; };
		BDE8E9E9348301437FB4D8ED /* Pods_JeuSetMatch.framework */ = {isa = PBXFileReference; explicitFileType = wrapper.framework; includeInIndex = 0; path = Pods_JeuSetMatch.framework; sourceTree = BUILT_PRODUCTS_DIR; };
		D172DE6BAC7B72BAF13EAB42 /* Pods-JeuSetMatchTests.debug.xcconfig */ = {isa = PBXFileReference; includeInIndex = 1; lastKnownFileType = text.xcconfig; name = "Pods-JeuSetMatchTests.debug.xcconfig"; path = "Target Support Files/Pods-JeuSetMatchTests/Pods-JeuSetMatchTests.debug.xcconfig"; sourceTree = "<group>"; };
		D2FAEFACE43D4A2820D914C8 /* Pods-JeuSetMatchTests.release.xcconfig */ = {isa = PBXFileReference; includeInIndex = 1; lastKnownFileType = text.xcconfig; name = "Pods-JeuSetMatchTests.release.xcconfig"; path = "Target Support Files/Pods-JeuSetMatchTests/Pods-JeuSetMatchTests.release.xcconfig"; sourceTree = "<group>"; };
		E0205500E07E7A09B5C17306 /* Pods_JeuSetMatchTests.framework */ = {isa = PBXFileReference; explicitFileType = wrapper.framework; includeInIndex = 0; path = Pods_JeuSetMatchTests.framework; sourceTree = BUILT_PRODUCTS_DIR; };
/* End PBXFileReference section */

/* Begin PBXFrameworksBuildPhase section */
		56DC0BDF23A90968003A0DC6 /* Frameworks */ = {
			isa = PBXFrameworksBuildPhase;
			buildActionMask = 2147483647;
			files = (
				402E2DE124DF185F96D559FF /* Pods_JeuSetMatch.framework in Frameworks */,
			);
			runOnlyForDeploymentPostprocessing = 0;
		};
		56DC0BF623A9096D003A0DC6 /* Frameworks */ = {
			isa = PBXFrameworksBuildPhase;
			buildActionMask = 2147483647;
			files = (
				8C8513BA45DB2C7F66840E02 /* Pods_JeuSetMatchTests.framework in Frameworks */,
			);
			runOnlyForDeploymentPostprocessing = 0;
		};
/* End PBXFrameworksBuildPhase section */

/* Begin PBXGroup section */
		30EC9794B02913D5491AEBE0 /* Frameworks */ = {
			isa = PBXGroup;
			children = (
				BDE8E9E9348301437FB4D8ED /* Pods_JeuSetMatch.framework */,
				E0205500E07E7A09B5C17306 /* Pods_JeuSetMatchTests.framework */,
			);
			name = Frameworks;
			sourceTree = "<group>";
		};
		564536A123C20F75005A26B5 /* RegisterControllers */ = {
			isa = PBXGroup;
			children = (
				562CE38D23BB50CB0075A8AA /* GenderViewController.swift */,
				56F59E5D23E8ABF500881D9F /* BirthdayViewController.swift */,
				56F59E5F23E8AC4D00881D9F /* LevelViewController.swift */,
				562CE38F23BB55BB0075A8AA /* CityViewController.swift */,
				562CE39123BB5A550075A8AA /* PictureViewController.swift */,
				56F59E6123E8C12800881D9F /* PseudoViewController.swift */,
				562CE38923BB50590075A8AA /* MailViewController.swift */,
			);
			path = RegisterControllers;
			sourceTree = "<group>";
		};
		567CBE2E23D8341500A7E306 /* Log */ = {
			isa = PBXGroup;
			children = (
				567CBE2F23D8344200A7E306 /* LogUseCase.swift */,
				567CBE3123D8345400A7E306 /* FirestoreLogService.swift */,
			);
			path = Log;
			sourceTree = "<group>";
		};
		567CBE3323D83A4F00A7E306 /* Register */ = {
			isa = PBXGroup;
			children = (
				567CBE3523D83A8A00A7E306 /* RegisterUserCase.swift */,
				567CBE3723D83AA100A7E306 /* FirestoreRegisterService.swift */,
			);
			path = Register;
			sourceTree = "<group>";
		};
		567CBE3423D83A5800A7E306 /* Conversation */ = {
			isa = PBXGroup;
			children = (
				567CBE3923D83AB300A7E306 /* ConversationUseCase.swift */,
				567CBE3B23D83ACD00A7E306 /* FirestoreConversationService.swift */,
			);
			path = Conversation;
			sourceTree = "<group>";
		};
		568FAB5D23DF6321007A7B45 /* Extensions */ = {
			isa = PBXGroup;
			children = (
				568FAB5E23DF6467007A7B45 /* UIViewController+ImagePicker.swift */,
				56394AAC23E34D60006CB0D3 /* UIViewController+Alert.swift */,
				56394AAE23E35262006CB0D3 /* UIViewController+Date.swift */,
				56394AB023E4146F006CB0D3 /* UIImage.swift */,
				56394AB223E414D2006CB0D3 /* UIImageView+Gif.swift */,
				56F59E6723EB469000881D9F /* UIViewController+Filters.swift */,
				56D8D73F23F13D8D006D4A59 /* UIImageView+Rounded.swift */,
				56BCCAF523F41AD000C8450E /* UIViewController+NavBar.swift */,
				5601CF1223FD44580044BE55 /* UIViewController+FilterArray.swift */,
			);
			path = Extensions;
			sourceTree = "<group>";
		};
		56A941C123E2417E004A368A /* Cells */ = {
			isa = PBXGroup;
			children = (
				56E8B17223B52E6B007B4BC1 /* ChatTableViewCell.swift */,
				56E8B17323B52E6B007B4BC1 /* ChatTableViewCell.xib */,
				56E8B17823BA4B61007B4BC1 /* UserTableViewCell.swift */,
				56E8B17923BA4B61007B4BC1 /* UserTableViewCell.xib */,
				564536A223C20FD2005A26B5 /* MessagesTableViewCell.swift */,
				564536A323C20FD2005A26B5 /* MessagesTableViewCell.xib */,
				56C49BE023CF40740071F7A3 /* FilterTableViewCell.swift */,
				56C49BE123CF40740071F7A3 /* FilterTableViewCell.xib */,
			);
			path = Cells;
			sourceTree = "<group>";
		};
		56A941C223E2C303004A368A /* Protocols */ = {
			isa = PBXGroup;
			children = (
				56A941C323E2C32A004A368A /* Protocols.swift */,
			);
			path = Protocols;
			sourceTree = "<group>";
		};
		56B615AB23D88F47001DEA87 /* User */ = {
			isa = PBXGroup;
			children = (
				56B615AC23D88F71001DEA87 /* UserUseCase.swift */,
				56B615AE23D88F8B001DEA87 /* FirestoreUserService.swift */,
			);
			path = User;
			sourceTree = "<group>";
		};
		56BB33B523D0563100B7D726 /* Service */ = {
			isa = PBXGroup;
			children = (
				567CBE2E23D8341500A7E306 /* Log */,
				567CBE3323D83A4F00A7E306 /* Register */,
				567CBE3423D83A5800A7E306 /* Conversation */,
				56B615AB23D88F47001DEA87 /* User */,
				568D50AC23D3320B00839CE4 /* GooglePlacesService.swift */,
			);
			path = Service;
			sourceTree = "<group>";
		};
		56D8D73E23EED513006D4A59 /* Objects */ = {
			isa = PBXGroup;
			children = (
				56BB33B323CF83DD00B7D726 /* Filters.swift */,
				56AFDE2923C4DF6E00B215DC /* UserObject.swift */,
				56E8B17023B4027A007B4BC1 /* MessageObject.swift */,
			);
			path = Objects;
			sourceTree = "<group>";
		};
		56DC0BD923A90968003A0DC6 = {
			isa = PBXGroup;
			children = (
				56DC0BE423A90968003A0DC6 /* JeuSetMatch */,
				56DC0BFC23A9096D003A0DC6 /* JeuSetMatchTests */,
				56DC0BE323A90968003A0DC6 /* Products */,
				5DC56D476762110CD4773B3B /* Pods */,
				30EC9794B02913D5491AEBE0 /* Frameworks */,
			);
			sourceTree = "<group>";
		};
		56DC0BE323A90968003A0DC6 /* Products */ = {
			isa = PBXGroup;
			children = (
				56DC0BE223A90968003A0DC6 /* JeuSetMatch.app */,
				56DC0BF923A9096D003A0DC6 /* JeuSetMatchTests.xctest */,
			);
			name = Products;
			sourceTree = "<group>";
		};
		56DC0BE423A90968003A0DC6 /* JeuSetMatch */ = {
			isa = PBXGroup;
			children = (
				56DC0C0B23A90985003A0DC6 /* Supporting Files */,
				56DC0C0A23A90984003A0DC6 /* Model */,
				56DC0C0923A90982003A0DC6 /* View */,
				56DC0C0823A9097E003A0DC6 /* Controller */,
			);
			path = JeuSetMatch;
			sourceTree = "<group>";
		};
		56DC0BFC23A9096D003A0DC6 /* JeuSetMatchTests */ = {
			isa = PBXGroup;
			children = (
				56DC0BFF23A9096D003A0DC6 /* Info.plist */,
				568D50AE23D352B200839CE4 /* LogUseCaseTest.swift */,
				567CBE4423D8449E00A7E306 /* RegisterUseCaseTest.swift */,
				56B615A923D87D4A001DEA87 /* ConversationUseCaseTest.swift */,
				56B615B023D8923A001DEA87 /* UserUseCaseTest.swift */,
			);
			path = JeuSetMatchTests;
			sourceTree = "<group>";
		};
		56DC0C0823A9097E003A0DC6 /* Controller */ = {
			isa = PBXGroup;
			children = (
				56DC0C0D23A909CB003A0DC6 /* WelcomeViewController.swift */,
				56DC0C1623ABC4AE003A0DC6 /* LoginViewController.swift */,
				564536A123C20F75005A26B5 /* RegisterControllers */,
				56E8B17623BA4B37007B4BC1 /* SearchViewController.swift */,
				5645369F23C20CE4005A26B5 /* MessagesViewController.swift */,
				56E8B16C23AE5B0C007B4BC1 /* ChatViewController.swift */,
				5645369D23BF5285005A26B5 /* ProfileViewController.swift */,
				56C49BE423CF415B0071F7A3 /* FilterViewController.swift */,
				5699AE6923BBAA1200C61058 /* CitiesViewController.swift */,
			);
			path = Controller;
			sourceTree = "<group>";
		};
		56DC0C0923A90982003A0DC6 /* View */ = {
			isa = PBXGroup;
			children = (
				56DC0BE923A90969003A0DC6 /* Main.storyboard */,
				56A941C123E2417E004A368A /* Cells */,
				562E2D0B23DC55BB005612D1 /* CustomLoader.swift */,
			);
			path = View;
			sourceTree = "<group>";
		};
		56DC0C0A23A90984003A0DC6 /* Model */ = {
			isa = PBXGroup;
			children = (
				56D8D73E23EED513006D4A59 /* Objects */,
				56A941C223E2C303004A368A /* Protocols */,
				56BB33B523D0563100B7D726 /* Service */,
				56D8D73C23EECB83006D4A59 /* FirestoreErrorEnum.swift */,
			);
			path = Model;
			sourceTree = "<group>";
		};
		56DC0C0B23A90985003A0DC6 /* Supporting Files */ = {
			isa = PBXGroup;
			children = (
				568FAB5D23DF6321007A7B45 /* Extensions */,
				56DC0BEF23A9096D003A0DC6 /* Assets.xcassets */,
				56DC0BF123A9096D003A0DC6 /* LaunchScreen.storyboard */,
				56DC0BE523A90968003A0DC6 /* AppDelegate.swift */,
				56DC0BF423A9096D003A0DC6 /* Info.plist */,
				56DC0C1223AB7E31003A0DC6 /* GoogleService-Info.plist */,
				56E8B16E23B0E824007B4BC1 /* Constants.swift */,
				562E8E1323F6945E005F0B32 /* giphy.gif */,
				562E8E1523F694CC005F0B32 /* circle.gif */,
			);
			path = "Supporting Files";
			sourceTree = "<group>";
		};
		5DC56D476762110CD4773B3B /* Pods */ = {
			isa = PBXGroup;
			children = (
				2012A617EF9FFCD417D93716 /* Pods-JeuSetMatch.debug.xcconfig */,
				5830DDE78E0E8528545E31DB /* Pods-JeuSetMatch.release.xcconfig */,
				D172DE6BAC7B72BAF13EAB42 /* Pods-JeuSetMatchTests.debug.xcconfig */,
				D2FAEFACE43D4A2820D914C8 /* Pods-JeuSetMatchTests.release.xcconfig */,
			);
			path = Pods;
			sourceTree = "<group>";
		};
/* End PBXGroup section */

/* Begin PBXNativeTarget section */
		56DC0BE123A90968003A0DC6 /* JeuSetMatch */ = {
			isa = PBXNativeTarget;
			buildConfigurationList = 56DC0C0223A9096D003A0DC6 /* Build configuration list for PBXNativeTarget "JeuSetMatch" */;
			buildPhases = (
				C0EE8D31833C754FFA798FFC /* [CP] Check Pods Manifest.lock */,
				56DC0BDE23A90968003A0DC6 /* Sources */,
				56DC0BDF23A90968003A0DC6 /* Frameworks */,
				56DC0BE023A90968003A0DC6 /* Resources */,
				C42296593D56B163A0942D6F /* [CP] Embed Pods Frameworks */,
				AE9F5A991B6A47D572CE789A /* [CP] Copy Pods Resources */,
			);
			buildRules = (
			);
			dependencies = (
			);
			name = JeuSetMatch;
			productName = JeuSetMatch;
			productReference = 56DC0BE223A90968003A0DC6 /* JeuSetMatch.app */;
			productType = "com.apple.product-type.application";
		};
		56DC0BF823A9096D003A0DC6 /* JeuSetMatchTests */ = {
			isa = PBXNativeTarget;
			buildConfigurationList = 56DC0C0523A9096D003A0DC6 /* Build configuration list for PBXNativeTarget "JeuSetMatchTests" */;
			buildPhases = (
				E33A4ECAF06C5155387B7A66 /* [CP] Check Pods Manifest.lock */,
				56DC0BF523A9096D003A0DC6 /* Sources */,
				56DC0BF623A9096D003A0DC6 /* Frameworks */,
				56DC0BF723A9096D003A0DC6 /* Resources */,
			);
			buildRules = (
			);
			dependencies = (
				56DC0BFB23A9096D003A0DC6 /* PBXTargetDependency */,
			);
			name = JeuSetMatchTests;
			productName = JeuSetMatchTests;
			productReference = 56DC0BF923A9096D003A0DC6 /* JeuSetMatchTests.xctest */;
			productType = "com.apple.product-type.bundle.unit-test";
		};
/* End PBXNativeTarget section */

/* Begin PBXProject section */
		56DC0BDA23A90968003A0DC6 /* Project object */ = {
			isa = PBXProject;
			attributes = {
				LastSwiftUpdateCheck = 1030;
				LastUpgradeCheck = 1030;
				ORGANIZATIONNAME = PaulineNomballais;
				TargetAttributes = {
					56DC0BE123A90968003A0DC6 = {
						CreatedOnToolsVersion = 10.3;
					};
					56DC0BF823A9096D003A0DC6 = {
						CreatedOnToolsVersion = 10.3;
						TestTargetID = 56DC0BE123A90968003A0DC6;
					};
				};
			};
			buildConfigurationList = 56DC0BDD23A90968003A0DC6 /* Build configuration list for PBXProject "JeuSetMatch" */;
			compatibilityVersion = "Xcode 9.3";
			developmentRegion = en;
			hasScannedForEncodings = 0;
			knownRegions = (
				en,
				Base,
			);
			mainGroup = 56DC0BD923A90968003A0DC6;
			productRefGroup = 56DC0BE323A90968003A0DC6 /* Products */;
			projectDirPath = "";
			projectRoot = "";
			targets = (
				56DC0BE123A90968003A0DC6 /* JeuSetMatch */,
				56DC0BF823A9096D003A0DC6 /* JeuSetMatchTests */,
			);
		};
/* End PBXProject section */

/* Begin PBXResourcesBuildPhase section */
		56DC0BE023A90968003A0DC6 /* Resources */ = {
			isa = PBXResourcesBuildPhase;
			buildActionMask = 2147483647;
			files = (
				562E8E1423F6945F005F0B32 /* giphy.gif in Resources */,
				56DC0BF323A9096D003A0DC6 /* LaunchScreen.storyboard in Resources */,
				56C49BE323CF40740071F7A3 /* FilterTableViewCell.xib in Resources */,
				56DC0C1323AB7E31003A0DC6 /* GoogleService-Info.plist in Resources */,
				562E8E1623F694CD005F0B32 /* circle.gif in Resources */,
				56E8B17523B52E6B007B4BC1 /* ChatTableViewCell.xib in Resources */,
				56DC0BF023A9096D003A0DC6 /* Assets.xcassets in Resources */,
				56E8B17B23BA4B61007B4BC1 /* UserTableViewCell.xib in Resources */,
				564536A523C20FD2005A26B5 /* MessagesTableViewCell.xib in Resources */,
				56DC0BEB23A90969003A0DC6 /* Main.storyboard in Resources */,
			);
			runOnlyForDeploymentPostprocessing = 0;
		};
		56DC0BF723A9096D003A0DC6 /* Resources */ = {
			isa = PBXResourcesBuildPhase;
			buildActionMask = 2147483647;
			files = (
			);
			runOnlyForDeploymentPostprocessing = 0;
		};
/* End PBXResourcesBuildPhase section */

/* Begin PBXShellScriptBuildPhase section */
		AE9F5A991B6A47D572CE789A /* [CP] Copy Pods Resources */ = {
			isa = PBXShellScriptBuildPhase;
			buildActionMask = 2147483647;
			files = (
			);
			inputFileListPaths = (
				"${PODS_ROOT}/Target Support Files/Pods-JeuSetMatch/Pods-JeuSetMatch-resources-${CONFIGURATION}-input-files.xcfilelist",
			);
			name = "[CP] Copy Pods Resources";
			outputFileListPaths = (
				"${PODS_ROOT}/Target Support Files/Pods-JeuSetMatch/Pods-JeuSetMatch-resources-${CONFIGURATION}-output-files.xcfilelist",
			);
			runOnlyForDeploymentPostprocessing = 0;
			shellPath = /bin/sh;
			shellScript = "\"${PODS_ROOT}/Target Support Files/Pods-JeuSetMatch/Pods-JeuSetMatch-resources.sh\"\n";
			showEnvVarsInLog = 0;
		};
		C0EE8D31833C754FFA798FFC /* [CP] Check Pods Manifest.lock */ = {
			isa = PBXShellScriptBuildPhase;
			buildActionMask = 2147483647;
			files = (
			);
			inputFileListPaths = (
			);
			inputPaths = (
				"${PODS_PODFILE_DIR_PATH}/Podfile.lock",
				"${PODS_ROOT}/Manifest.lock",
			);
			name = "[CP] Check Pods Manifest.lock";
			outputFileListPaths = (
			);
			outputPaths = (
				"$(DERIVED_FILE_DIR)/Pods-JeuSetMatch-checkManifestLockResult.txt",
			);
			runOnlyForDeploymentPostprocessing = 0;
			shellPath = /bin/sh;
			shellScript = "diff \"${PODS_PODFILE_DIR_PATH}/Podfile.lock\" \"${PODS_ROOT}/Manifest.lock\" > /dev/null\nif [ $? != 0 ] ; then\n    # print error to STDERR\n    echo \"error: The sandbox is not in sync with the Podfile.lock. Run 'pod install' or update your CocoaPods installation.\" >&2\n    exit 1\nfi\n# This output is used by Xcode 'outputs' to avoid re-running this script phase.\necho \"SUCCESS\" > \"${SCRIPT_OUTPUT_FILE_0}\"\n";
			showEnvVarsInLog = 0;
		};
		C42296593D56B163A0942D6F /* [CP] Embed Pods Frameworks */ = {
			isa = PBXShellScriptBuildPhase;
			buildActionMask = 2147483647;
			files = (
			);
			inputFileListPaths = (
				"${PODS_ROOT}/Target Support Files/Pods-JeuSetMatch/Pods-JeuSetMatch-frameworks-${CONFIGURATION}-input-files.xcfilelist",
			);
			name = "[CP] Embed Pods Frameworks";
			outputFileListPaths = (
				"${PODS_ROOT}/Target Support Files/Pods-JeuSetMatch/Pods-JeuSetMatch-frameworks-${CONFIGURATION}-output-files.xcfilelist",
			);
			runOnlyForDeploymentPostprocessing = 0;
			shellPath = /bin/sh;
			shellScript = "\"${PODS_ROOT}/Target Support Files/Pods-JeuSetMatch/Pods-JeuSetMatch-frameworks.sh\"\n";
			showEnvVarsInLog = 0;
		};
		E33A4ECAF06C5155387B7A66 /* [CP] Check Pods Manifest.lock */ = {
			isa = PBXShellScriptBuildPhase;
			buildActionMask = 2147483647;
			files = (
			);
			inputFileListPaths = (
			);
			inputPaths = (
				"${PODS_PODFILE_DIR_PATH}/Podfile.lock",
				"${PODS_ROOT}/Manifest.lock",
			);
			name = "[CP] Check Pods Manifest.lock";
			outputFileListPaths = (
			);
			outputPaths = (
				"$(DERIVED_FILE_DIR)/Pods-JeuSetMatchTests-checkManifestLockResult.txt",
			);
			runOnlyForDeploymentPostprocessing = 0;
			shellPath = /bin/sh;
			shellScript = "diff \"${PODS_PODFILE_DIR_PATH}/Podfile.lock\" \"${PODS_ROOT}/Manifest.lock\" > /dev/null\nif [ $? != 0 ] ; then\n    # print error to STDERR\n    echo \"error: The sandbox is not in sync with the Podfile.lock. Run 'pod install' or update your CocoaPods installation.\" >&2\n    exit 1\nfi\n# This output is used by Xcode 'outputs' to avoid re-running this script phase.\necho \"SUCCESS\" > \"${SCRIPT_OUTPUT_FILE_0}\"\n";
			showEnvVarsInLog = 0;
		};
/* End PBXShellScriptBuildPhase section */

/* Begin PBXSourcesBuildPhase section */
		56DC0BDE23A90968003A0DC6 /* Sources */ = {
			isa = PBXSourcesBuildPhase;
			buildActionMask = 2147483647;
			files = (
				56C49BE523CF415B0071F7A3 /* FilterViewController.swift in Sources */,
				56E8B16D23AE5B0C007B4BC1 /* ChatViewController.swift in Sources */,
				56DC0C1723ABC4AE003A0DC6 /* LoginViewController.swift in Sources */,
				56E8B17A23BA4B61007B4BC1 /* UserTableViewCell.swift in Sources */,
				56D8D74023F13D8D006D4A59 /* UIImageView+Rounded.swift in Sources */,
				56F59E5E23E8ABF500881D9F /* BirthdayViewController.swift in Sources */,
				56F59E6223E8C12800881D9F /* PseudoViewController.swift in Sources */,
				567CBE3C23D83ACD00A7E306 /* FirestoreConversationService.swift in Sources */,
				56F59E6023E8AC4D00881D9F /* LevelViewController.swift in Sources */,
				564536A423C20FD2005A26B5 /* MessagesTableViewCell.swift in Sources */,
				568FAB5F23DF6467007A7B45 /* UIViewController+ImagePicker.swift in Sources */,
				56B615AD23D88F71001DEA87 /* UserUseCase.swift in Sources */,
				567CBE3623D83A8A00A7E306 /* RegisterUserCase.swift in Sources */,
				56394AAF23E35262006CB0D3 /* UIViewController+Date.swift in Sources */,
				56E8B17423B52E6B007B4BC1 /* ChatTableViewCell.swift in Sources */,
				56AFDE2A23C4DF6F00B215DC /* UserObject.swift in Sources */,
				562CE39223BB5A550075A8AA /* PictureViewController.swift in Sources */,
				56F59E6823EB469300881D9F /* UIViewController+Filters.swift in Sources */,
				567CBE3823D83AA100A7E306 /* FirestoreRegisterService.swift in Sources */,
				56394AB323E414D2006CB0D3 /* UIImageView+Gif.swift in Sources */,
				5699AE6A23BBAA1200C61058 /* CitiesViewController.swift in Sources */,
				567CBE3023D8344200A7E306 /* LogUseCase.swift in Sources */,
				56BCCAF623F41AD000C8450E /* UIViewController+NavBar.swift in Sources */,
				5601CF1323FD44580044BE55 /* UIViewController+FilterArray.swift in Sources */,
				568D50AD23D3320B00839CE4 /* GooglePlacesService.swift in Sources */,
				567CBE3223D8345400A7E306 /* FirestoreLogService.swift in Sources */,
				5645369E23BF5285005A26B5 /* ProfileViewController.swift in Sources */,
				56C49BE223CF40740071F7A3 /* FilterTableViewCell.swift in Sources */,
				564536A023C20CE4005A26B5 /* MessagesViewController.swift in Sources */,
				562CE38A23BB50590075A8AA /* MailViewController.swift in Sources */,
				56D8D73D23EECB83006D4A59 /* FirestoreErrorEnum.swift in Sources */,
				562CE38E23BB50CB0075A8AA /* GenderViewController.swift in Sources */,
				56DC0C0E23A909CB003A0DC6 /* WelcomeViewController.swift in Sources */,
				56BB33B423CF83DD00B7D726 /* Filters.swift in Sources */,
				56B615AF23D88F8B001DEA87 /* FirestoreUserService.swift in Sources */,
				56394AAD23E34D60006CB0D3 /* UIViewController+Alert.swift in Sources */,
				56E8B16F23B0E824007B4BC1 /* Constants.swift in Sources */,
				56E8B17123B4027A007B4BC1 /* MessageObject.swift in Sources */,
				562CE39023BB55BB0075A8AA /* CityViewController.swift in Sources */,
				56A941C423E2C32A004A368A /* Protocols.swift in Sources */,
				56E8B17723BA4B38007B4BC1 /* SearchViewController.swift in Sources */,
				56DC0BE623A90968003A0DC6 /* AppDelegate.swift in Sources */,
				56394AB123E4146F006CB0D3 /* UIImage.swift in Sources */,
				567CBE3A23D83AB300A7E306 /* ConversationUseCase.swift in Sources */,
				562E2D0C23DC55BB005612D1 /* CustomLoader.swift in Sources */,
			);
			runOnlyForDeploymentPostprocessing = 0;
		};
		56DC0BF523A9096D003A0DC6 /* Sources */ = {
			isa = PBXSourcesBuildPhase;
			buildActionMask = 2147483647;
			files = (
				56B615AA23D87D4B001DEA87 /* ConversationUseCaseTest.swift in Sources */,
				567CBE4523D8449E00A7E306 /* RegisterUseCaseTest.swift in Sources */,
				568D50AF23D352B200839CE4 /* LogUseCaseTest.swift in Sources */,
				56B615B123D8923A001DEA87 /* UserUseCaseTest.swift in Sources */,
			);
			runOnlyForDeploymentPostprocessing = 0;
		};
/* End PBXSourcesBuildPhase section */

/* Begin PBXTargetDependency section */
		56DC0BFB23A9096D003A0DC6 /* PBXTargetDependency */ = {
			isa = PBXTargetDependency;
			target = 56DC0BE123A90968003A0DC6 /* JeuSetMatch */;
			targetProxy = 56DC0BFA23A9096D003A0DC6 /* PBXContainerItemProxy */;
		};
/* End PBXTargetDependency section */

/* Begin PBXVariantGroup section */
		56DC0BE923A90969003A0DC6 /* Main.storyboard */ = {
			isa = PBXVariantGroup;
			children = (
				56DC0BEA23A90969003A0DC6 /* Base */,
			);
			name = Main.storyboard;
			sourceTree = "<group>";
		};
		56DC0BF123A9096D003A0DC6 /* LaunchScreen.storyboard */ = {
			isa = PBXVariantGroup;
			children = (
				56DC0BF223A9096D003A0DC6 /* Base */,
			);
			name = LaunchScreen.storyboard;
			sourceTree = "<group>";
		};
/* End PBXVariantGroup section */

/* Begin XCBuildConfiguration section */
		56DC0C0023A9096D003A0DC6 /* Debug */ = {
			isa = XCBuildConfiguration;
			buildSettings = {
				ALWAYS_SEARCH_USER_PATHS = NO;
				CLANG_ANALYZER_NONNULL = YES;
				CLANG_ANALYZER_NUMBER_OBJECT_CONVERSION = YES_AGGRESSIVE;
				CLANG_CXX_LANGUAGE_STANDARD = "gnu++14";
				CLANG_CXX_LIBRARY = "libc++";
				CLANG_ENABLE_MODULES = YES;
				CLANG_ENABLE_OBJC_ARC = YES;
				CLANG_ENABLE_OBJC_WEAK = YES;
				CLANG_WARN_BLOCK_CAPTURE_AUTORELEASING = YES;
				CLANG_WARN_BOOL_CONVERSION = YES;
				CLANG_WARN_COMMA = YES;
				CLANG_WARN_CONSTANT_CONVERSION = YES;
				CLANG_WARN_DEPRECATED_OBJC_IMPLEMENTATIONS = YES;
				CLANG_WARN_DIRECT_OBJC_ISA_USAGE = YES_ERROR;
				CLANG_WARN_DOCUMENTATION_COMMENTS = YES;
				CLANG_WARN_EMPTY_BODY = YES;
				CLANG_WARN_ENUM_CONVERSION = YES;
				CLANG_WARN_INFINITE_RECURSION = YES;
				CLANG_WARN_INT_CONVERSION = YES;
				CLANG_WARN_NON_LITERAL_NULL_CONVERSION = YES;
				CLANG_WARN_OBJC_IMPLICIT_RETAIN_SELF = YES;
				CLANG_WARN_OBJC_LITERAL_CONVERSION = YES;
				CLANG_WARN_OBJC_ROOT_CLASS = YES_ERROR;
				CLANG_WARN_RANGE_LOOP_ANALYSIS = YES;
				CLANG_WARN_STRICT_PROTOTYPES = YES;
				CLANG_WARN_SUSPICIOUS_MOVE = YES;
				CLANG_WARN_UNGUARDED_AVAILABILITY = YES_AGGRESSIVE;
				CLANG_WARN_UNREACHABLE_CODE = YES;
				CLANG_WARN__DUPLICATE_METHOD_MATCH = YES;
				CODE_SIGN_IDENTITY = "iPhone Developer";
				COPY_PHASE_STRIP = NO;
				DEBUG_INFORMATION_FORMAT = dwarf;
				ENABLE_STRICT_OBJC_MSGSEND = YES;
				ENABLE_TESTABILITY = YES;
				GCC_C_LANGUAGE_STANDARD = gnu11;
				GCC_DYNAMIC_NO_PIC = NO;
				GCC_NO_COMMON_BLOCKS = YES;
				GCC_OPTIMIZATION_LEVEL = 0;
				GCC_PREPROCESSOR_DEFINITIONS = (
					"DEBUG=1",
					"$(inherited)",
				);
				GCC_WARN_64_TO_32_BIT_CONVERSION = YES;
				GCC_WARN_ABOUT_RETURN_TYPE = YES_ERROR;
				GCC_WARN_UNDECLARED_SELECTOR = YES;
				GCC_WARN_UNINITIALIZED_AUTOS = YES_AGGRESSIVE;
				GCC_WARN_UNUSED_FUNCTION = YES;
				GCC_WARN_UNUSED_VARIABLE = YES;
				IPHONEOS_DEPLOYMENT_TARGET = 12.4;
				MTL_ENABLE_DEBUG_INFO = INCLUDE_SOURCE;
				MTL_FAST_MATH = YES;
				ONLY_ACTIVE_ARCH = YES;
				SDKROOT = iphoneos;
				SWIFT_ACTIVE_COMPILATION_CONDITIONS = DEBUG;
				SWIFT_OPTIMIZATION_LEVEL = "-Onone";
			};
			name = Debug;
		};
		56DC0C0123A9096D003A0DC6 /* Release */ = {
			isa = XCBuildConfiguration;
			buildSettings = {
				ALWAYS_SEARCH_USER_PATHS = NO;
				CLANG_ANALYZER_NONNULL = YES;
				CLANG_ANALYZER_NUMBER_OBJECT_CONVERSION = YES_AGGRESSIVE;
				CLANG_CXX_LANGUAGE_STANDARD = "gnu++14";
				CLANG_CXX_LIBRARY = "libc++";
				CLANG_ENABLE_MODULES = YES;
				CLANG_ENABLE_OBJC_ARC = YES;
				CLANG_ENABLE_OBJC_WEAK = YES;
				CLANG_WARN_BLOCK_CAPTURE_AUTORELEASING = YES;
				CLANG_WARN_BOOL_CONVERSION = YES;
				CLANG_WARN_COMMA = YES;
				CLANG_WARN_CONSTANT_CONVERSION = YES;
				CLANG_WARN_DEPRECATED_OBJC_IMPLEMENTATIONS = YES;
				CLANG_WARN_DIRECT_OBJC_ISA_USAGE = YES_ERROR;
				CLANG_WARN_DOCUMENTATION_COMMENTS = YES;
				CLANG_WARN_EMPTY_BODY = YES;
				CLANG_WARN_ENUM_CONVERSION = YES;
				CLANG_WARN_INFINITE_RECURSION = YES;
				CLANG_WARN_INT_CONVERSION = YES;
				CLANG_WARN_NON_LITERAL_NULL_CONVERSION = YES;
				CLANG_WARN_OBJC_IMPLICIT_RETAIN_SELF = YES;
				CLANG_WARN_OBJC_LITERAL_CONVERSION = YES;
				CLANG_WARN_OBJC_ROOT_CLASS = YES_ERROR;
				CLANG_WARN_RANGE_LOOP_ANALYSIS = YES;
				CLANG_WARN_STRICT_PROTOTYPES = YES;
				CLANG_WARN_SUSPICIOUS_MOVE = YES;
				CLANG_WARN_UNGUARDED_AVAILABILITY = YES_AGGRESSIVE;
				CLANG_WARN_UNREACHABLE_CODE = YES;
				CLANG_WARN__DUPLICATE_METHOD_MATCH = YES;
				CODE_SIGN_IDENTITY = "iPhone Developer";
				COPY_PHASE_STRIP = NO;
				DEBUG_INFORMATION_FORMAT = "dwarf-with-dsym";
				ENABLE_NS_ASSERTIONS = NO;
				ENABLE_STRICT_OBJC_MSGSEND = YES;
				GCC_C_LANGUAGE_STANDARD = gnu11;
				GCC_NO_COMMON_BLOCKS = YES;
				GCC_WARN_64_TO_32_BIT_CONVERSION = YES;
				GCC_WARN_ABOUT_RETURN_TYPE = YES_ERROR;
				GCC_WARN_UNDECLARED_SELECTOR = YES;
				GCC_WARN_UNINITIALIZED_AUTOS = YES_AGGRESSIVE;
				GCC_WARN_UNUSED_FUNCTION = YES;
				GCC_WARN_UNUSED_VARIABLE = YES;
				IPHONEOS_DEPLOYMENT_TARGET = 12.4;
				MTL_ENABLE_DEBUG_INFO = NO;
				MTL_FAST_MATH = YES;
				SDKROOT = iphoneos;
				SWIFT_COMPILATION_MODE = wholemodule;
				SWIFT_OPTIMIZATION_LEVEL = "-O";
				VALIDATE_PRODUCT = YES;
			};
			name = Release;
		};
		56DC0C0323A9096D003A0DC6 /* Debug */ = {
			isa = XCBuildConfiguration;
			baseConfigurationReference = 2012A617EF9FFCD417D93716 /* Pods-JeuSetMatch.debug.xcconfig */;
			buildSettings = {
				ASSETCATALOG_COMPILER_APPICON_NAME = AppIcon;
				CODE_SIGN_STYLE = Automatic;
				INFOPLIST_FILE = "$(SRCROOT)/JeuSetMatch/Supporting Files/Info.plist";
				LD_RUNPATH_SEARCH_PATHS = (
					"$(inherited)",
					"@executable_path/Frameworks",
				);
				PRODUCT_BUNDLE_IDENTIFIER = fr.paulinenomballais.JeuSetMatch;
				PRODUCT_NAME = "$(TARGET_NAME)";
				SWIFT_VERSION = 5.0;
				TARGETED_DEVICE_FAMILY = "1,2";
			};
			name = Debug;
		};
		56DC0C0423A9096D003A0DC6 /* Release */ = {
			isa = XCBuildConfiguration;
			baseConfigurationReference = 5830DDE78E0E8528545E31DB /* Pods-JeuSetMatch.release.xcconfig */;
			buildSettings = {
				ASSETCATALOG_COMPILER_APPICON_NAME = AppIcon;
				CODE_SIGN_STYLE = Automatic;
				INFOPLIST_FILE = "$(SRCROOT)/JeuSetMatch/Supporting Files/Info.plist";
				LD_RUNPATH_SEARCH_PATHS = (
					"$(inherited)",
					"@executable_path/Frameworks",
				);
				PRODUCT_BUNDLE_IDENTIFIER = fr.paulinenomballais.JeuSetMatch;
				PRODUCT_NAME = "$(TARGET_NAME)";
				SWIFT_VERSION = 5.0;
				TARGETED_DEVICE_FAMILY = "1,2";
			};
			name = Release;
		};
		56DC0C0623A9096D003A0DC6 /* Debug */ = {
			isa = XCBuildConfiguration;
			baseConfigurationReference = D172DE6BAC7B72BAF13EAB42 /* Pods-JeuSetMatchTests.debug.xcconfig */;
			buildSettings = {
				ALWAYS_EMBED_SWIFT_STANDARD_LIBRARIES = YES;
				BUNDLE_LOADER = "$(TEST_HOST)";
				CODE_SIGN_STYLE = Automatic;
				INFOPLIST_FILE = JeuSetMatchTests/Info.plist;
				LD_RUNPATH_SEARCH_PATHS = (
					"$(inherited)",
					"@executable_path/Frameworks",
					"@loader_path/Frameworks",
				);
				PRODUCT_BUNDLE_IDENTIFIER = fr.paulinenomballais.JeuSetMatchTests;
				PRODUCT_NAME = "$(TARGET_NAME)";
				SWIFT_VERSION = 5.0;
				TARGETED_DEVICE_FAMILY = "1,2";
				TEST_HOST = "$(BUILT_PRODUCTS_DIR)/JeuSetMatch.app/JeuSetMatch";
			};
			name = Debug;
		};
		56DC0C0723A9096D003A0DC6 /* Release */ = {
			isa = XCBuildConfiguration;
			baseConfigurationReference = D2FAEFACE43D4A2820D914C8 /* Pods-JeuSetMatchTests.release.xcconfig */;
			buildSettings = {
				ALWAYS_EMBED_SWIFT_STANDARD_LIBRARIES = YES;
				BUNDLE_LOADER = "$(TEST_HOST)";
				CODE_SIGN_STYLE = Automatic;
				INFOPLIST_FILE = JeuSetMatchTests/Info.plist;
				LD_RUNPATH_SEARCH_PATHS = (
					"$(inherited)",
					"@executable_path/Frameworks",
					"@loader_path/Frameworks",
				);
				PRODUCT_BUNDLE_IDENTIFIER = fr.paulinenomballais.JeuSetMatchTests;
				PRODUCT_NAME = "$(TARGET_NAME)";
				SWIFT_VERSION = 5.0;
				TARGETED_DEVICE_FAMILY = "1,2";
				TEST_HOST = "$(BUILT_PRODUCTS_DIR)/JeuSetMatch.app/JeuSetMatch";
			};
			name = Release;
		};
/* End XCBuildConfiguration section */

/* Begin XCConfigurationList section */
		56DC0BDD23A90968003A0DC6 /* Build configuration list for PBXProject "JeuSetMatch" */ = {
			isa = XCConfigurationList;
			buildConfigurations = (
				56DC0C0023A9096D003A0DC6 /* Debug */,
				56DC0C0123A9096D003A0DC6 /* Release */,
			);
			defaultConfigurationIsVisible = 0;
			defaultConfigurationName = Release;
		};
		56DC0C0223A9096D003A0DC6 /* Build configuration list for PBXNativeTarget "JeuSetMatch" */ = {
			isa = XCConfigurationList;
			buildConfigurations = (
				56DC0C0323A9096D003A0DC6 /* Debug */,
				56DC0C0423A9096D003A0DC6 /* Release */,
			);
			defaultConfigurationIsVisible = 0;
			defaultConfigurationName = Release;
		};
		56DC0C0523A9096D003A0DC6 /* Build configuration list for PBXNativeTarget "JeuSetMatchTests" */ = {
			isa = XCConfigurationList;
			buildConfigurations = (
				56DC0C0623A9096D003A0DC6 /* Debug */,
				56DC0C0723A9096D003A0DC6 /* Release */,
			);
			defaultConfigurationIsVisible = 0;
			defaultConfigurationName = Release;
		};
/* End XCConfigurationList section */
	};
	rootObject = 56DC0BDA23A90968003A0DC6 /* Project object */;
}
